
Microsoft Visual Studio Solution File, Format Version 12.00
# Visual Studio 14
VisualStudioVersion = 14.0.25420.1
MinimumVisualStudioVersion = 10.0.40219.1
Project("{FAE04EC0-301F-11D3-BF4B-00C04F79EFBC}") = "MVCMovie", "MVCMovie\MVCMovie.csproj", "{16DDD1F1-C653-4AE4-A794-60872EB060B8}"
EndProject
Project("{FAE04EC0-301F-11D3-BF4B-00C04F79EFBC}") = "MVCMovie.Tests", "MVCMovie.Tests\MVCMovie.Tests.csproj", "{FD5BBA43-ECC5-412D-95C3-78B324B17BBC}"
EndProject
Global
	GlobalSection(SolutionConfigurationPlatforms) = preSolution
		Debug|Any CPU = Debug|Any CPU
		Release|Any CPU = Release|Any CPU
	EndGlobalSection
	GlobalSection(ProjectConfigurationPlatforms) = postSolution
		{16DDD1F1-C653-4AE4-A794-60872EB060B8}.Debug|Any CPU.ActiveCfg = Debug|Any CPU
		{16DDD1F1-C653-4AE4-A794-60872EB060B8}.Debug|Any CPU.Build.0 = Debug|Any CPU
		{16DDD1F1-C653-4AE4-A794-60872EB060B8}.Release|Any CPU.ActiveCfg = Release|Any CPU
		{16DDD1F1-C653-4AE4-A794-60872EB060B8}.Release|Any CPU.Build.0 = Release|Any CPU
		{FD5BBA43-ECC5-412D-95C3-78B324B17BBC}.Debug|Any CPU.ActiveCfg = Debug|Any CPU
		{FD5BBA43-ECC5-412D-95C3-78B324B17BBC}.Debug|Any CPU.Build.0 = Debug|Any CPU
		{FD5BBA43-ECC5-412D-95C3-78B324B17BBC}.Release|Any CPU.ActiveCfg = Release|Any CPU
		{FD5BBA43-ECC5-412D-95C3-78B324B17BBC}.Release|Any CPU.Build.0 = Release|Any CPU
	EndGlobalSection
	GlobalSection(SolutionProperties) = preSolution
		HideSolutionNode = FALSE
	EndGlobalSection
EndGlobal
